
Microsoft Visual Studio Solution File, Format Version 12.00
# Visual Studio Version 17
VisualStudioVersion = 17.14.36603.0 d17.14
MinimumVisualStudioVersion = 10.0.40219.1
Project("{FAE04EC0-301F-11D3-BF4B-00C04F79EFBC}") = "Hotel-Booking-System", "Hotel-Booking-System.csproj", "{4E47C036-C0E6-4E56-AAED-30A1C4D3AC3E}"
EndProject
Global
	GlobalSection(SolutionConfigurationPlatforms) = preSolution
		Debug|Any CPU = Debug|Any CPU
		Release|Any CPU = Release|Any CPU
	EndGlobalSection
	GlobalSection(ProjectConfigurationPlatforms) = postSolution
		{4E47C036-C0E6-4E56-AAED-30A1C4D3AC3E}.Debug|Any CPU.ActiveCfg = Debug|Any CPU
		{4E47C036-C0E6-4E56-AAED-30A1C4D3AC3E}.Debug|Any CPU.Build.0 = Debug|Any CPU
		{4E47C036-C0E6-4E56-AAED-30A1C4D3AC3E}.Release|Any CPU.ActiveCfg = Release|Any CPU
		{4E47C036-C0E6-4E56-AAED-30A1C4D3AC3E}.Release|Any CPU.Build.0 = Release|Any CPU
	EndGlobalSection
	GlobalSection(SolutionProperties) = preSolution
		HideSolutionNode = FALSE
	EndGlobalSection
	GlobalSection(ExtensibilityGlobals) = postSolution
		SolutionGuid = {EF7B06BF-55ED-48FE-8303-B880AF66A46D}
	EndGlobalSection
EndGlobal
