
Microsoft Visual Studio Solution File, Format Version 12.00
# Visual Studio Version 17
VisualStudioVersion = 17.14.36603.0 d17.14
MinimumVisualStudioVersion = 10.0.40219.1
Project("{FAE04EC0-301F-11D3-BF4B-00C04F79EFBC}") = "Assignment-02", "Assignment-02\Assignment-02.csproj", "{47B7AA8F-D5D4-4391-817E-5E1317CFC58D}"
EndProject
Global
	GlobalSection(SolutionConfigurationPlatforms) = preSolution
		Debug|Any CPU = Debug|Any CPU
		Release|Any CPU = Release|Any CPU
	EndGlobalSection
	GlobalSection(ProjectConfigurationPlatforms) = postSolution
		{47B7AA8F-D5D4-4391-817E-5E1317CFC58D}.Debug|Any CPU.ActiveCfg = Debug|Any CPU
		{47B7AA8F-D5D4-4391-817E-5E1317CFC58D}.Debug|Any CPU.Build.0 = Debug|Any CPU
		{47B7AA8F-D5D4-4391-817E-5E1317CFC58D}.Release|Any CPU.ActiveCfg = Release|Any CPU
		{47B7AA8F-D5D4-4391-817E-5E1317CFC58D}.Release|Any CPU.Build.0 = Release|Any CPU
	EndGlobalSection
	GlobalSection(SolutionProperties) = preSolution
		HideSolutionNode = FALSE
	EndGlobalSection
	GlobalSection(ExtensibilityGlobals) = postSolution
		SolutionGuid = {7C64A3D0-65B3-4A31-8A41-9F27F80A9F0C}
	EndGlobalSection
EndGlobal
